
Microsoft Visual Studio Solution File, Format Version 12.00
# Visual Studio Version 17
VisualStudioVersion = 17.0.32014.148
MinimumVisualStudioVersion = 10.0.40219.1
Project("{9A19103F-16F7-4668-BE54-9A1E7A4F7556}") = "HybridCachePlayground", "HybridCachePlayground.csproj", "{912A98A1-D499-4E05-B712-5241316EA05D}"
EndProject
Global
	GlobalSection(SolutionConfigurationPlatforms) = preSolution
		Debug|Any CPU = Debug|Any CPU
		Release|Any CPU = Release|Any CPU
	EndGlobalSection
	GlobalSection(ProjectConfigurationPlatforms) = postSolution
		{912A98A1-D499-4E05-B712-5241316EA05D}.Debug|Any CPU.ActiveCfg = Debug|Any CPU
		{912A98A1-D499-4E05-B712-5241316EA05D}.Debug|Any CPU.Build.0 = Debug|Any CPU
		{912A98A1-D499-4E05-B712-5241316EA05D}.Release|Any CPU.ActiveCfg = Release|Any CPU
		{912A98A1-D499-4E05-B712-5241316EA05D}.Release|Any CPU.Build.0 = Release|Any CPU
	EndGlobalSection
	GlobalSection(SolutionProperties) = preSolution
		HideSolutionNode = FALSE
	EndGlobalSection
	GlobalSection(ExtensibilityGlobals) = postSolution
		SolutionGuid = {14610204-FDDE-4826-AE2F-8BC484A4B59C}
	EndGlobalSection
EndGlobal
